hash: af9fbc2d2359511835db8fe0f778d6d949e7c9f5d483f192aa2022ac2098b0c0
updated: 2018-01-30T20:51:34.026283+08:00
imports:
- name: github.com/dgrijalva/jwt-go
  version: dbeaa9332f19a944acb5736b4456cfcc02140e29
- name: github.com/ghodss/yaml
  version: 0ca9ea5df5451ffdf184b4428c902747c2c11cd7
- name: github.com/Hexilee/rady
  version: d97ea99cf6f8be6f454677a28c3ae988725afec8
- name: github.com/labstack/echo
  version: b338075a0fc6e1a0683dbf03d09b4957a289e26f
  subpackages:
  - middleware
- name: github.com/labstack/gommon
  version: 57409ada9da0f2afad6664c49502f8c50fbd8476
  subpackages:
  - bytes
  - color
  - log
  - random
- name: github.com/mattn/go-colorable
  version: 6cc8b475d4682021d75d2cbe2bc481bec4ce98e5
- name: github.com/mattn/go-isatty
  version: 6ca4dbf54d38eea1a992b3c722a76a5d1c4cb25c
- name: github.com/op/go-logging
  version: b2cb9fa56473e98db8caba80237377e83fe44db5
- name: github.com/tidwall/gjson
  version: 87033efcaec6215741137e8ca61952c53ef2685d
- name: github.com/tidwall/match
  version: 1731857f09b1f38450e2c12409748407822dc6be
- name: github.com/valyala/bytebufferpool
  version: e746df99fe4a3986f4d4f79e13c1e0117ce9c2f7
- name: github.com/valyala/fasttemplate
  version: dcecefd839c4193db0d35b88ec65b4c12d360ab0
- name: golang.org/x/crypto
  version: 1875d0a70c90e57f11972aefd42276df65e895b9
  subpackages:
  - acme
  - acme/autocert
- name: golang.org/x/sys
  version: 3dbebcf8efb6a5011a60c2b4591c1022a759af8a
  subpackages:
  - unix
- name: gopkg.in/yaml.v2
  version: d670f9405373e636a5a2765eea47fac0c9bc91a4
testImports: []
